
Microsoft Visual Studio Solution File, Format Version 12.00
# Visual Studio Version 17
VisualStudioVersion = 17.4.33103.184
MinimumVisualStudioVersion = 10.0.40219.1
Project("{FAE04EC0-301F-11D3-BF4B-00C04F79EFBC}") = "WeatherApp-Main", "WeatherApp\WeatherApp.csproj", "{1C06DACA-4B51-4D81-BB0A-B5DFA7D01250}"
EndProject
Global
	GlobalSection(SolutionConfigurationPlatforms) = preSolution
		Debug|Any CPU = Debug|Any CPU
		Release|Any CPU = Release|Any CPU
	EndGlobalSection
	GlobalSection(ProjectConfigurationPlatforms) = postSolution
		{1C06DACA-4B51-4D81-BB0A-B5DFA7D01250}.Debug|Any CPU.ActiveCfg = Debug|Any CPU
		{1C06DACA-4B51-4D81-BB0A-B5DFA7D01250}.Debug|Any CPU.Build.0 = Debug|Any CPU
		{1C06DACA-4B51-4D81-BB0A-B5DFA7D01250}.Release|Any CPU.ActiveCfg = Release|Any CPU
		{1C06DACA-4B51-4D81-BB0A-B5DFA7D01250}.Release|Any CPU.Build.0 = Release|Any CPU
	EndGlobalSection
	GlobalSection(SolutionProperties) = preSolution
		HideSolutionNode = FALSE
	EndGlobalSection
	GlobalSection(ExtensibilityGlobals) = postSolution
		SolutionGuid = {311F2FFB-CB38-4DC7-9203-ABBAE5B2CC47}
	EndGlobalSection
EndGlobal
